{
  "name": "html",
  "version": "file:../../../../../../config-files/zed/.local/share/zed/extensions/work/html",
  "lockfileVersion": 3,
  "requires": true,
  "packages": {
    "": {
      "dependencies": {
        "@zed-industries/vscode-langservers-extracted": "4.10.2"
      }
    },
    "../../../../../../config-files/zed/.local/share/zed/extensions/work/html/node_modules/@types/node": {
      "version": "20.17.10",
      "resolved": "https://registry.npmjs.org/@types/node/-/node-20.17.10.tgz",
      "integrity": "sha512-/jrvh5h6NXhEauFFexRin69nA0uHJ5gwk4iDivp/DeoEua3uwCUto6PC86IpRITBOs4+6i2I56K5x5b6WYGXHA==",
      "license": "MIT",
      "dependencies": {
        "undici-types": "~6.19.2"
      }
    },
    "../../../../../../config-files/zed/.local/share/zed/extensions/work/html/node_modules/@vscode/l10n": {
      "version": "0.0.18",
      "resolved": "https://registry.npmjs.org/@vscode/l10n/-/l10n-0.0.18.tgz",
      "integrity": "sha512-KYSIHVmslkaCDyw013pphY+d7x1qV8IZupYfeIfzNA+nsaWHbn5uPuQRvdRFsa9zFzGeudPuoGoZ1Op4jrJXIQ==",
      "license": "MIT"
    },
    "../../../../../../config-files/zed/.local/share/zed/extensions/work/html/node_modules/@zed-industries/vscode-langservers-extracted": {
      "version": "4.10.2",
      "resolved": "https://registry.npmjs.org/@zed-industries/vscode-langservers-extracted/-/vscode-langservers-extracted-4.10.2.tgz",
      "integrity": "sha512-LzR0/AqT5YHaHHULks59J6uzigusScqZqORT8ZwSpbS6lsozev58+qZIBmdRnrNh33bpV9KLkXM6+KX8RP5zKQ==",
      "license": "MIT",
      "dependencies": {
        "@types/node": "^20.12.12",
        "@vscode/l10n": "^0.0.18",
        "@zed-industries/vscode-languageserver": "10.0.0-next.3",
        "core-js": "^3.37.1",
        "jsonc-parser": "^3.2.1",
        "regenerator-runtime": "^0.13.9",
        "request-light": "^0.7.0",
        "semver": "^7.6.1",
        "typescript": "^5.4.5",
        "vscode-css-languageservice": "^6.2.14",
        "vscode-html-languageservice": "^5.2.0",
        "vscode-json-languageservice": "^5.3.11",
        "vscode-languageserver-textdocument": "^1.0.11",
        "vscode-languageserver-types": "^3.17.5",
        "vscode-markdown-languageservice": "^0.5.0-alpha.6",
        "vscode-nls": "^5.2.0",
        "vscode-uri": "^3.0.8"
      },
      "bin": {
        "vscode-css-language-server": "bin/vscode-css-language-server",
        "vscode-eslint-language-server": "bin/vscode-eslint-language-server",
        "vscode-html-language-server": "bin/vscode-html-language-server",
        "vscode-json-language-server": "bin/vscode-json-language-server",
        "vscode-markdown-language-server": "bin/vscode-markdown-language-server"
      }
    },
    "../../../../../../config-files/zed/.local/share/zed/extensions/work/html/node_modules/@zed-industries/vscode-languageserver": {
      "version": "10.0.0-next.3",
      "resolved": "https://registry.npmjs.org/@zed-industries/vscode-languageserver/-/vscode-languageserver-10.0.0-next.3.tgz",
      "integrity": "sha512-NFhRtELp6LcubAonzqIKlhyaPbDI++JWXlgC37Mkj1fqNhnrQdchJpfs6eX5CoboKQgFlOP1GYG1NfeA8otJOQ==",
      "license": "MIT",
      "dependencies": {
        "@types/node": "16.11.43",
        "vscode-languageserver-protocol": "3.17.6-next.4"
      },
      "bin": {
        "installServerIntoExtension": "bin/installServerIntoExtension"
      }
    },
    "../../../../../../config-files/zed/.local/share/zed/extensions/work/html/node_modules/@zed-industries/vscode-languageserver/node_modules/@types/node": {
      "version": "16.11.43",
      "resolved": "https://registry.npmjs.org/@types/node/-/node-16.11.43.tgz",
      "integrity": "sha512-GqWykok+3uocgfAJM8imbozrqLnPyTrpFlrryURQlw1EesPUCx5XxTiucWDSFF9/NUEXDuD4bnvHm8xfVGWTpQ==",
      "license": "MIT"
    },
    "../../../../../../config-files/zed/.local/share/zed/extensions/work/html/node_modules/boolbase": {
      "version": "1.0.0",
      "resolved": "https://registry.npmjs.org/boolbase/-/boolbase-1.0.0.tgz",
      "integrity": "sha512-JZOSA7Mo9sNGB8+UjSgzdLtokWAky1zbztM3WRLCbZ70/3cTANmQmOdR7y2g+J0e2WXywy1yS468tY+IruqEww==",
      "license": "ISC"
    },
    "../../../../../../config-files/zed/.local/share/zed/extensions/work/html/node_modules/core-js": {
      "version": "3.39.0",
      "resolved": "https://registry.npmjs.org/core-js/-/core-js-3.39.0.tgz",
      "integrity": "sha512-raM0ew0/jJUqkJ0E6e8UDtl+y/7ktFivgWvqw8dNSQeNWoSDLvQ1H/RN3aPXB9tBd4/FhyR4RDPGhsNIMsAn7g==",
      "hasInstallScript": true,
      "license": "MIT",
      "funding": {
        "type": "opencollective",
        "url": "https://opencollective.com/core-js"
      }
    },
    "../../../../../../config-files/zed/.local/share/zed/extensions/work/html/node_modules/css-select": {
      "version": "5.1.0",
      "resolved": "https://registry.npmjs.org/css-select/-/css-select-5.1.0.tgz",
      "integrity": "sha512-nwoRF1rvRRnnCqqY7updORDsuqKzqYJ28+oSMaJMMgOauh3fvwHqMS7EZpIPqK8GL+g9mKxF1vP/ZjSeNjEVHg==",
      "license": "BSD-2-Clause",
      "dependencies": {
        "boolbase": "^1.0.0",
        "css-what": "^6.1.0",
        "domhandler": "^5.0.2",
        "domutils": "^3.0.1",
        "nth-check": "^2.0.1"
      },
      "funding": {
        "url": "https://github.com/sponsors/fb55"
      }
    },
    "../../../../../../config-files/zed/.local/share/zed/extensions/work/html/node_modules/css-what": {
      "version": "6.1.0",
      "resolved": "https://registry.npmjs.org/css-what/-/css-what-6.1.0.tgz",
      "integrity": "sha512-HTUrgRJ7r4dsZKU6GjmpfRK1O76h97Z8MfS1G0FozR+oF2kG6Vfe8JE6zwrkbxigziPHinCJ+gCPjA9EaBDtRw==",
      "license": "BSD-2-Clause",
      "engines": {
        "node": ">= 6"
      },
      "funding": {
        "url": "https://github.com/sponsors/fb55"
      }
    },
    "../../../../../../config-files/zed/.local/share/zed/extensions/work/html/node_modules/dom-serializer": {
      "version": "2.0.0",
      "resolved": "https://registry.npmjs.org/dom-serializer/-/dom-serializer-2.0.0.tgz",
      "integrity": "sha512-wIkAryiqt/nV5EQKqQpo3SToSOV9J0DnbJqwK7Wv/Trc92zIAYZ4FlMu+JPFW1DfGFt81ZTCGgDEabffXeLyJg==",
      "license": "MIT",
      "dependencies": {
        "domelementtype": "^2.3.0",
        "domhandler": "^5.0.2",
        "entities": "^4.2.0"
      },
      "funding": {
        "url": "https://github.com/cheeriojs/dom-serializer?sponsor=1"
      }
    },
    "../../../../../../config-files/zed/.local/share/zed/extensions/work/html/node_modules/domelementtype": {
      "version": "2.3.0",
      "resolved": "https://registry.npmjs.org/domelementtype/-/domelementtype-2.3.0.tgz",
      "integrity": "sha512-OLETBj6w0OsagBwdXnPdN0cnMfF9opN69co+7ZrbfPGrdpPVNBUj02spi6B1N7wChLQiPn4CSH/zJvXw56gmHw==",
      "funding": [
        {
          "type": "github",
          "url": "https://github.com/sponsors/fb55"
        }
      ],
      "license": "BSD-2-Clause"
    },
    "../../../../../../config-files/zed/.local/share/zed/extensions/work/html/node_modules/domhandler": {
      "version": "5.0.3",
      "resolved": "https://registry.npmjs.org/domhandler/-/domhandler-5.0.3.tgz",
      "integrity": "sha512-cgwlv/1iFQiFnU96XXgROh8xTeetsnJiDsTc7TYCLFd9+/WNkIqPTxiM/8pSd8VIrhXGTf1Ny1q1hquVqDJB5w==",
      "license": "BSD-2-Clause",
      "dependencies": {
        "domelementtype": "^2.3.0"
      },
      "engines": {
        "node": ">= 4"
      },
      "funding": {
        "url": "https://github.com/fb55/domhandler?sponsor=1"
      }
    },
    "../../../../../../config-files/zed/.local/share/zed/extensions/work/html/node_modules/domutils": {
      "version": "3.1.0",
      "resolved": "https://registry.npmjs.org/domutils/-/domutils-3.1.0.tgz",
      "integrity": "sha512-H78uMmQtI2AhgDJjWeQmHwJJ2bLPD3GMmO7Zja/ZZh84wkm+4ut+IUnUdRa8uCGX88DiVx1j6FRe1XfxEgjEZA==",
      "license": "BSD-2-Clause",
      "dependencies": {
        "dom-serializer": "^2.0.0",
        "domelementtype": "^2.3.0",
        "domhandler": "^5.0.3"
      },
      "funding": {
        "url": "https://github.com/fb55/domutils?sponsor=1"
      }
    },
    "../../../../../../config-files/zed/.local/share/zed/extensions/work/html/node_modules/entities": {
      "version": "4.5.0",
      "resolved": "https://registry.npmjs.org/entities/-/entities-4.5.0.tgz",
      "integrity": "sha512-V0hjH4dGPh9Ao5p0MoRY6BVqtwCjhz6vI5LT8AJ55H+4g9/4vbHx1I54fS0XuclLhDHArPQCiMjDxjaL8fPxhw==",
      "license": "BSD-2-Clause",
      "engines": {
        "node": ">=0.12"
      },
      "funding": {
        "url": "https://github.com/fb55/entities?sponsor=1"
      }
    },
    "../../../../../../config-files/zed/.local/share/zed/extensions/work/html/node_modules/he": {
      "version": "1.2.0",
      "resolved": "https://registry.npmjs.org/he/-/he-1.2.0.tgz",
      "integrity": "sha512-F/1DnUGPopORZi0ni+CvrCgHQ5FyEAHRLSApuYWMmrbSwoN2Mn/7k+Gl38gJnR7yyDZk6WLXwiGod1JOWNDKGw==",
      "license": "MIT",
      "bin": {
        "he": "bin/he"
      }
    },
    "../../../../../../config-files/zed/.local/share/zed/extensions/work/html/node_modules/jsonc-parser": {
      "version": "3.3.1",
      "resolved": "https://registry.npmjs.org/jsonc-parser/-/jsonc-parser-3.3.1.tgz",
      "integrity": "sha512-HUgH65KyejrUFPvHFPbqOY0rsFip3Bo5wb4ngvdi1EpCYWUQDC5V+Y7mZws+DLkr4M//zQJoanu1SP+87Dv1oQ==",
      "license": "MIT"
    },
    "../../../../../../config-files/zed/.local/share/zed/extensions/work/html/node_modules/node-html-parser": {
      "version": "6.1.13",
      "resolved": "https://registry.npmjs.org/node-html-parser/-/node-html-parser-6.1.13.tgz",
      "integrity": "sha512-qIsTMOY4C/dAa5Q5vsobRpOOvPfC4pB61UVW2uSwZNUp0QU/jCekTal1vMmbO0DgdHeLUJpv/ARmDqErVxA3Sg==",
      "license": "MIT",
      "dependencies": {
        "css-select": "^5.1.0",
        "he": "1.2.0"
      }
    },
    "../../../../../../config-files/zed/.local/share/zed/extensions/work/html/node_modules/nth-check": {
      "version": "2.1.1",
      "resolved": "https://registry.npmjs.org/nth-check/-/nth-check-2.1.1.tgz",
      "integrity": "sha512-lqjrjmaOoAnWfMmBPL+XNnynZh2+swxiX3WUE0s4yEHI6m+AwrK2UZOimIRl3X/4QctVqS8AiZjFqyOGrMXb/w==",
      "license": "BSD-2-Clause",
      "dependencies": {
        "boolbase": "^1.0.0"
      },
      "funding": {
        "url": "https://github.com/fb55/nth-check?sponsor=1"
      }
    },
    "../../../../../../config-files/zed/.local/share/zed/extensions/work/html/node_modules/picomatch": {
      "version": "2.3.1",
      "resolved": "https://registry.npmjs.org/picomatch/-/picomatch-2.3.1.tgz",
      "integrity": "sha512-JU3teHTNjmE2VCGFzuY8EXzCDVwEqB2a8fsIvwaStHhAWJEeVd1o1QD80CU6+ZdEXXSLbSsuLwJjkCBWqRQUVA==",
      "license": "MIT",
      "engines": {
        "node": ">=8.6"
      },
      "funding": {
        "url": "https://github.com/sponsors/jonschlinkert"
      }
    },
    "../../../../../../config-files/zed/.local/share/zed/extensions/work/html/node_modules/regenerator-runtime": {
      "version": "0.13.11",
      "resolved": "https://registry.npmjs.org/regenerator-runtime/-/regenerator-runtime-0.13.11.tgz",
      "integrity": "sha512-kY1AZVr2Ra+t+piVaJ4gxaFaReZVH40AKNo7UCX6W+dEwBo/2oZJzqfuN1qLq1oL45o56cPaTXELwrTh8Fpggg==",
      "license": "MIT"
    },
    "../../../../../../config-files/zed/.local/share/zed/extensions/work/html/node_modules/request-light": {
      "version": "0.7.0",
      "resolved": "https://registry.npmjs.org/request-light/-/request-light-0.7.0.tgz",
      "integrity": "sha512-lMbBMrDoxgsyO+yB3sDcrDuX85yYt7sS8BfQd11jtbW/z5ZWgLZRcEGLsLoYw7I0WSUGQBs8CC8ScIxkTX1+6Q==",
      "license": "MIT"
    },
    "../../../../../../config-files/zed/.local/share/zed/extensions/work/html/node_modules/semver": {
      "version": "7.6.3",
      "resolved": "https://registry.npmjs.org/semver/-/semver-7.6.3.tgz",
      "integrity": "sha512-oVekP1cKtI+CTDvHWYFUcMtsK/00wmAEfyqKfNdARm8u1wNVhSgaX7A8d4UuIlUI5e84iEwOhs7ZPYRmzU9U6A==",
      "license": "ISC",
      "bin": {
        "semver": "bin/semver.js"
      },
      "engines": {
        "node": ">=10"
      }
    },
    "../../../../../../config-files/zed/.local/share/zed/extensions/work/html/node_modules/typescript": {
      "version": "5.7.2",
      "resolved": "https://registry.npmjs.org/typescript/-/typescript-5.7.2.tgz",
      "integrity": "sha512-i5t66RHxDvVN40HfDd1PsEThGNnlMCMT3jMUuoh9/0TaqWevNontacunWyN02LA9/fIbEWlcHZcgTKb9QoaLfg==",
      "license": "Apache-2.0",
      "bin": {
        "tsc": "bin/tsc",
        "tsserver": "bin/tsserver"
      },
      "engines": {
        "node": ">=14.17"
      }
    },
    "../../../../../../config-files/zed/.local/share/zed/extensions/work/html/node_modules/undici-types": {
      "version": "6.19.8",
      "resolved": "https://registry.npmjs.org/undici-types/-/undici-types-6.19.8.tgz",
      "integrity": "sha512-ve2KP6f/JnbPBFyobGHuerC9g1FYGn/F8n1LWTwNxCEzd6IfqTwUQcNXgEtmmQ6DlRrC1hrSrBnCZPokRrDHjw==",
      "license": "MIT"
    },
    "../../../../../../config-files/zed/.local/share/zed/extensions/work/html/node_modules/vscode-css-languageservice": {
      "version": "6.3.2",
      "resolved": "https://registry.npmjs.org/vscode-css-languageservice/-/vscode-css-languageservice-6.3.2.tgz",
      "integrity": "sha512-GEpPxrUTAeXWdZWHev1OJU9lz2Q2/PPBxQ2TIRmLGvQiH3WZbqaNoute0n0ewxlgtjzTW3AKZT+NHySk5Rf4Eg==",
      "license": "MIT",
      "dependencies": {
        "@vscode/l10n": "^0.0.18",
        "vscode-languageserver-textdocument": "^1.0.12",
        "vscode-languageserver-types": "3.17.5",
        "vscode-uri": "^3.0.8"
      }
    },
    "../../../../../../config-files/zed/.local/share/zed/extensions/work/html/node_modules/vscode-html-languageservice": {
      "version": "5.3.1",
      "resolved": "https://registry.npmjs.org/vscode-html-languageservice/-/vscode-html-languageservice-5.3.1.tgz",
      "integrity": "sha512-ysUh4hFeW/WOWz/TO9gm08xigiSsV/FOAZ+DolgJfeLftna54YdmZ4A+lIn46RbdO3/Qv5QHTn1ZGqmrXQhZyA==",
      "license": "MIT",
      "dependencies": {
        "@vscode/l10n": "^0.0.18",
        "vscode-languageserver-textdocument": "^1.0.12",
        "vscode-languageserver-types": "^3.17.5",
        "vscode-uri": "^3.0.8"
      }
    },
    "../../../../../../config-files/zed/.local/share/zed/extensions/work/html/node_modules/vscode-json-languageservice": {
      "version": "5.4.2",
      "resolved": "https://registry.npmjs.org/vscode-json-languageservice/-/vscode-json-languageservice-5.4.2.tgz",
      "integrity": "sha512-2qujUseKRbLEwLXvEOFAxaz3y1ssdNCXXi95LRdG8AFchJHSnmI2qCg9ixoYxbJtSehIrXOmkhV87Y9lIivOgQ==",
      "license": "MIT",
      "dependencies": {
        "@vscode/l10n": "^0.0.18",
        "jsonc-parser": "^3.3.1",
        "vscode-languageserver-textdocument": "^1.0.12",
        "vscode-languageserver-types": "^3.17.5",
        "vscode-uri": "^3.0.8"
      }
    },
    "../../../../../../config-files/zed/.local/share/zed/extensions/work/html/node_modules/vscode-jsonrpc": {
      "version": "9.0.0-next.2",
      "resolved": "https://registry.npmjs.org/vscode-jsonrpc/-/vscode-jsonrpc-9.0.0-next.2.tgz",
      "integrity": "sha512-meIaXAgChCHzWy45QGU8YpCNyqnZQ/sYeCj32OLDDbUYsCF7AvgpdXx3nnZn9yzr8ed0Od9bW+NGphEmXsqvIQ==",
      "license": "MIT",
      "engines": {
        "node": ">=14.0.0"
      }
    },
    "../../../../../../config-files/zed/.local/share/zed/extensions/work/html/node_modules/vscode-languageserver-protocol": {
      "version": "3.17.6-next.4",
      "resolved": "https://registry.npmjs.org/vscode-languageserver-protocol/-/vscode-languageserver-protocol-3.17.6-next.4.tgz",
      "integrity": "sha512-/2bleKBxZLyRObS4mkpaWlVI9xGiUqMVmh/ztZ2vL4uP2XyIpraT45JBpn9AtXr0alqKJPKLuKr+/qcYULvm/w==",
      "license": "MIT",
      "dependencies": {
        "vscode-jsonrpc": "9.0.0-next.2",
        "vscode-languageserver-types": "3.17.6-next.3"
      }
    },
    "../../../../../../config-files/zed/.local/share/zed/extensions/work/html/node_modules/vscode-languageserver-protocol/node_modules/vscode-languageserver-types": {
      "version": "3.17.6-next.3",
      "resolved": "https://registry.npmjs.org/vscode-languageserver-types/-/vscode-languageserver-types-3.17.6-next.3.tgz",
      "integrity": "sha512-l5kNFXFRQGuzriXpuBqFpRmkf6f6A4VoU3h95OsVkqIOoi1k7KbwSo600cIdsKSJWrPg/+vX+QMPcMw1oI7ItA==",
      "license": "MIT"
    },
    "../../../../../../config-files/zed/.local/share/zed/extensions/work/html/node_modules/vscode-languageserver-textdocument": {
      "version": "1.0.12",
      "resolved": "https://registry.npmjs.org/vscode-languageserver-textdocument/-/vscode-languageserver-textdocument-1.0.12.tgz",
      "integrity": "sha512-cxWNPesCnQCcMPeenjKKsOCKQZ/L6Tv19DTRIGuLWe32lyzWhihGVJ/rcckZXJxfdKCFvRLS3fpBIsV/ZGX4zA==",
      "license": "MIT"
    },
    "../../../../../../config-files/zed/.local/share/zed/extensions/work/html/node_modules/vscode-languageserver-types": {
      "version": "3.17.5",
      "resolved": "https://registry.npmjs.org/vscode-languageserver-types/-/vscode-languageserver-types-3.17.5.tgz",
      "integrity": "sha512-Ld1VelNuX9pdF39h2Hgaeb5hEZM2Z3jUrrMgWQAu82jMtZp7p3vJT3BzToKtZI7NgQssZje5o0zryOrhQvzQAg==",
      "license": "MIT"
    },
    "../../../../../../config-files/zed/.local/share/zed/extensions/work/html/node_modules/vscode-markdown-languageservice": {
      "version": "0.5.0-alpha.8",
      "resolved": "https://registry.npmjs.org/vscode-markdown-languageservice/-/vscode-markdown-languageservice-0.5.0-alpha.8.tgz",
      "integrity": "sha512-b2NgVMZvzI/7hRL32Kcu9neAAPFQzkcf/Fqwlxbz9p1/Q7aIorGACOGGo00s72AJtwjkCJ29eVJwUlFMFbPKqA==",
      "license": "MIT",
      "dependencies": {
        "@vscode/l10n": "^0.0.10",
        "node-html-parser": "^6.1.5",
        "picomatch": "^2.3.1",
        "vscode-languageserver-protocol": "^3.17.1",
        "vscode-languageserver-textdocument": "^1.0.11",
        "vscode-uri": "^3.0.7"
      },
      "engines": {
        "node": "*"
      }
    },
    "../../../../../../config-files/zed/.local/share/zed/extensions/work/html/node_modules/vscode-markdown-languageservice/node_modules/@vscode/l10n": {
      "version": "0.0.10",
      "resolved": "https://registry.npmjs.org/@vscode/l10n/-/l10n-0.0.10.tgz",
      "integrity": "sha512-E1OCmDcDWa0Ya7vtSjp/XfHFGqYJfh+YPC1RkATU71fTac+j1JjCcB3qwSzmlKAighx2WxhLlfhS0RwAN++PFQ==",
      "license": "MIT"
    },
    "../../../../../../config-files/zed/.local/share/zed/extensions/work/html/node_modules/vscode-markdown-languageservice/node_modules/vscode-jsonrpc": {
      "version": "8.2.0",
      "resolved": "https://registry.npmjs.org/vscode-jsonrpc/-/vscode-jsonrpc-8.2.0.tgz",
      "integrity": "sha512-C+r0eKJUIfiDIfwJhria30+TYWPtuHJXHtI7J0YlOmKAo7ogxP20T0zxB7HZQIFhIyvoBPwWskjxrvAtfjyZfA==",
      "license": "MIT",
      "engines": {
        "node": ">=14.0.0"
      }
    },
    "../../../../../../config-files/zed/.local/share/zed/extensions/work/html/node_modules/vscode-markdown-languageservice/node_modules/vscode-languageserver-protocol": {
      "version": "3.17.5",
      "resolved": "https://registry.npmjs.org/vscode-languageserver-protocol/-/vscode-languageserver-protocol-3.17.5.tgz",
      "integrity": "sha512-mb1bvRJN8SVznADSGWM9u/b07H7Ecg0I3OgXDuLdn307rl/J3A9YD6/eYOssqhecL27hK1IPZAsaqh00i/Jljg==",
      "license": "MIT",
      "dependencies": {
        "vscode-jsonrpc": "8.2.0",
        "vscode-languageserver-types": "3.17.5"
      }
    },
    "../../../../../../config-files/zed/.local/share/zed/extensions/work/html/node_modules/vscode-nls": {
      "version": "5.2.0",
      "resolved": "https://registry.npmjs.org/vscode-nls/-/vscode-nls-5.2.0.tgz",
      "integrity": "sha512-RAaHx7B14ZU04EU31pT+rKz2/zSl7xMsfIZuo8pd+KZO6PXtQmpevpq3vxvWNcrGbdmhM/rr5Uw5Mz+NBfhVng==",
      "license": "MIT"
    },
    "../../../../../../config-files/zed/.local/share/zed/extensions/work/html/node_modules/vscode-uri": {
      "version": "3.0.8",
      "resolved": "https://registry.npmjs.org/vscode-uri/-/vscode-uri-3.0.8.tgz",
      "integrity": "sha512-AyFQ0EVmsOZOlAnxoFOGOq1SQDWAB7C6aqMGS23svWAllfOaxbuFvcT8D1i8z3Gyn8fraVeZNNmN6e9bxxXkKw==",
      "license": "MIT"
    }
  }
}
